
Microsoft Visual Studio Solution File, Format Version 12.00
# Visual Studio Version 16
VisualStudioVersion = 16.0.30406.217
MinimumVisualStudioVersion = 10.0.40219.1
Project("{FAE04EC0-301F-11D3-BF4B-00C04F79EFBC}") = "SinglyLinkListOperations", "SinglyLinkListOperations\SinglyLinkListOperations.csproj", "{1EB04072-333C-4C00-9B8C-3893B3659C9B}"
EndProject
Project("{FAE04EC0-301F-11D3-BF4B-00C04F79EFBC}") = "My.Ds.LinkedList", "My.Ds.LinkedList\My.Ds.LinkedList.csproj", "{6EC4DC88-F299-4857-B44B-F3BA37A59E39}"
EndProject
Global
	GlobalSection(SolutionConfigurationPlatforms) = preSolution
		Debug|Any CPU = Debug|Any CPU
		Release|Any CPU = Release|Any CPU
	EndGlobalSection
	GlobalSection(ProjectConfigurationPlatforms) = postSolution
		{1EB04072-333C-4C00-9B8C-3893B3659C9B}.Debug|Any CPU.ActiveCfg = Debug|Any CPU
		{1EB04072-333C-4C00-9B8C-3893B3659C9B}.Debug|Any CPU.Build.0 = Debug|Any CPU
		{1EB04072-333C-4C00-9B8C-3893B3659C9B}.Release|Any CPU.ActiveCfg = Release|Any CPU
		{1EB04072-333C-4C00-9B8C-3893B3659C9B}.Release|Any CPU.Build.0 = Release|Any CPU
		{6EC4DC88-F299-4857-B44B-F3BA37A59E39}.Debug|Any CPU.ActiveCfg = Debug|Any CPU
		{6EC4DC88-F299-4857-B44B-F3BA37A59E39}.Debug|Any CPU.Build.0 = Debug|Any CPU
		{6EC4DC88-F299-4857-B44B-F3BA37A59E39}.Release|Any CPU.ActiveCfg = Release|Any CPU
		{6EC4DC88-F299-4857-B44B-F3BA37A59E39}.Release|Any CPU.Build.0 = Release|Any CPU
	EndGlobalSection
	GlobalSection(SolutionProperties) = preSolution
		HideSolutionNode = FALSE
	EndGlobalSection
	GlobalSection(ExtensibilityGlobals) = postSolution
		SolutionGuid = {7F9EADE7-E12A-444A-93AA-07FD34ABA89D}
	EndGlobalSection
EndGlobal
